<?xml version="1.0" encoding="utf-8"?>
<Project ToolsVersion="4.0" xmlns="http://schemas.microsoft.com/developer/msbuild/2003">
  <ItemGroup>
    <ClCompile Include="AppMain.cpp" />
    <ClCompile Include="PreCompile.cpp">
      <Filter>PreCompile</Filter>
    </ClCompile>
    <ClCompile Include="UserGame.cpp">
      <Filter>UserCore</Filter>
    </ClCompile>
    <ClCompile Include="UserGame_Resources.cpp">
      <Filter>UserCore\Resource</Filter>
    </ClCompile>
    <ClCompile Include="UserGame_Resources_Shader.cpp">
      <Filter>UserCore\ShaderResource</Filter>
    </ClCompile>
    <ClCompile Include="PlayLevel.cpp">
      <Filter>Object\Level</Filter>
    </ClCompile>
    <ClCompile Include="TitleLevel.cpp">
      <Filter>Object\Level</Filter>
    </ClCompile>
    <ClCompile Include="Player.cpp">
      <Filter>Object\Actor</Filter>
    </ClCompile>
    <ClCompile Include="Bullet.cpp">
      <Filter>Object\Actor</Filter>
    </ClCompile>
  </ItemGroup>
  <ItemGroup>
    <Filter Include="PreCompile">
      <UniqueIdentifier>{d8e5ec8f-1109-4365-859c-d8f6aa87e43a}</UniqueIdentifier>
    </Filter>
    <Filter Include="UserCore">
      <UniqueIdentifier>{85a145bd-65f4-422b-b8df-50ca38925ac6}</UniqueIdentifier>
    </Filter>
    <Filter Include="CustomVertex">
      <UniqueIdentifier>{006bb727-3d97-4f7b-8768-542fbd7b0eb3}</UniqueIdentifier>
    </Filter>
    <Filter Include="UserCore\Resource">
      <UniqueIdentifier>{0727861e-3f49-4c74-a39e-94ce79f3b02c}</UniqueIdentifier>
    </Filter>
    <Filter Include="UserCore\ShaderResource">
      <UniqueIdentifier>{cc396857-9423-46c5-98cf-7199c136812d}</UniqueIdentifier>
    </Filter>
    <Filter Include="Object">
      <UniqueIdentifier>{2f7eb252-837a-4e19-b538-c9b29f112b71}</UniqueIdentifier>
    </Filter>
    <Filter Include="Object\Level">
      <UniqueIdentifier>{4a8b94b6-d456-4fe7-9cc2-586dccc9b552}</UniqueIdentifier>
    </Filter>
    <Filter Include="Object\Actor">
      <UniqueIdentifier>{3c05d5ec-1e4d-4d50-84f0-de731c15aff6}</UniqueIdentifier>
    </Filter>
  </ItemGroup>
  <ItemGroup>
    <ClInclude Include="PreCompile.h">
      <Filter>PreCompile</Filter>
    </ClInclude>
    <ClInclude Include="UserGame.h">
      <Filter>UserCore</Filter>
    </ClInclude>
    <ClInclude Include="CustomVertex.h">
      <Filter>CustomVertex</Filter>
    </ClInclude>
    <ClInclude Include="UserGame_Resources_Shader.h">
      <Filter>UserCore\ShaderResource</Filter>
    </ClInclude>
    <ClInclude Include="PlayLevel.h">
      <Filter>Object\Level</Filter>
    </ClInclude>
    <ClInclude Include="TitleLevel.h">
      <Filter>Object\Level</Filter>
    </ClInclude>
    <ClInclude Include="Player.h">
      <Filter>Object\Actor</Filter>
    </ClInclude>
    <ClInclude Include="Bullet.h">
      <Filter>Object\Actor</Filter>
    </ClInclude>
  </ItemGroup>
</Project>