<?xml version="1.0" encoding="utf-8"?>
<Project ToolsVersion="4.0" xmlns="http://schemas.microsoft.com/developer/msbuild/2003">
  <ItemGroup>
    <ClCompile Include="AppMain.cpp" />
    <ClCompile Include="PreCompile.cpp">
      <Filter>PreCompile</Filter>
    </ClCompile>
    <ClCompile Include="UserGame.cpp">
      <Filter>UserCore</Filter>
    </ClCompile>
    <ClCompile Include="UserGame_Resources.cpp">
      <Filter>UserCore\Resource</Filter>
    </ClCompile>
    <ClCompile Include="UserGame_Resources_Shader.cpp">
      <Filter>UserCore\ShaderResource</Filter>
    </ClCompile>
    <ClCompile Include="TitleLevel.cpp">
      <Filter>Object\Level\01.TitleLevel</Filter>
    </ClCompile>
    <ClCompile Include="CreateCharacterLevel.cpp">
      <Filter>Object\Level\02.CreateCharacterLevel</Filter>
    </ClCompile>
    <ClCompile Include="SelectCharacterLevel.cpp">
      <Filter>Object\Level\03.SelectCharacterLevel</Filter>
    </ClCompile>
    <ClCompile Include="LoadingLevel.cpp">
      <Filter>Object\Level\04.LoadingLevel</Filter>
    </ClCompile>
    <ClCompile Include="TownLevel.cpp">
      <Filter>Object\Level\05.TownLevel</Filter>
    </ClCompile>
    <ClCompile Include="CatacombsLevel.cpp">
      <Filter>Object\Level\06.CatacombsLevel</Filter>
    </ClCompile>
    <ClCompile Include="ChaosSanctuaryLevel.cpp">
      <Filter>Object\Level\07.ChaosSanctuaryLevel</Filter>
    </ClCompile>
    <ClCompile Include="TitleBackDrop.cpp">
      <Filter>Object\Actor\01.Title\00.BackDrop</Filter>
    </ClCompile>
    <ClCompile Include="TitleLogo.cpp">
      <Filter>Object\Actor\01.Title\01.Logo</Filter>
    </ClCompile>
    <ClCompile Include="GameStartButton.cpp">
      <Filter>Object\Actor\01.Title\02.GameStartButton</Filter>
    </ClCompile>
    <ClCompile Include="GameEndButton.cpp">
      <Filter>Object\Actor\01.Title\03.GameEndButton</Filter>
    </ClCompile>
    <ClCompile Include="CreateCharacterBackDrop.cpp">
      <Filter>Object\Actor\02.CreateCharacter\00.BackDrop</Filter>
    </ClCompile>
    <ClCompile Include="MainPlayer.cpp">
      <Filter>Object\Actor\00.Global\00.Player</Filter>
    </ClCompile>
    <ClCompile Include="CreateCharacterFireObject.cpp">
      <Filter>Object\Actor\02.CreateCharacter\01.FireObject</Filter>
    </ClCompile>
    <ClCompile Include="CreateCharacterNecromancerObject.cpp">
      <Filter>Object\Actor\02.CreateCharacter\02.NecObject</Filter>
    </ClCompile>
    <ClCompile Include="CreateCharacterInputText.cpp">
      <Filter>Object\Actor\02.CreateCharacter\03.InputText</Filter>
    </ClCompile>
    <ClCompile Include="CreateCharacterButton.cpp">
      <Filter>Object\Actor\03.SelectCharacter\04.Button\00.CreateCharacterButton</Filter>
    </ClCompile>
    <ClCompile Include="CharacterDeleteButton.cpp">
      <Filter>Object\Actor\03.SelectCharacter\04.Button\01.CharacterDeleteButton</Filter>
    </ClCompile>
    <ClCompile Include="PrevLevelButton.cpp">
      <Filter>Object\Actor\03.SelectCharacter\04.Button\02.PrevLevelButton</Filter>
    </ClCompile>
    <ClCompile Include="SelPlayerGameStartButton.cpp">
      <Filter>Object\Actor\03.SelectCharacter\04.Button\03.GameStartButton</Filter>
    </ClCompile>
    <ClCompile Include="CurPlayerGameStartButton.cpp">
      <Filter>Object\Actor\02.CreateCharacter\04.GameStartButton</Filter>
    </ClCompile>
    <ClCompile Include="SelectCharacterBackDrop.cpp">
      <Filter>Object\Actor\03.SelectCharacter\00.BackDrop</Filter>
    </ClCompile>
    <ClCompile Include="SelectCharacterSelector.cpp">
      <Filter>Object\Actor\03.SelectCharacter\01.Selector</Filter>
    </ClCompile>
    <ClCompile Include="SelectCharacterScroll.cpp">
      <Filter>Object\Actor\03.SelectCharacter\02.Scroll</Filter>
    </ClCompile>
    <ClCompile Include="SelectCharacterList.cpp">
      <Filter>Object\Actor\03.SelectCharacter\03.CharacterList</Filter>
    </ClCompile>
    <ClCompile Include="LoadingAnimation.cpp">
      <Filter>Object\Actor\04.Loading\01.LoadingAnimation</Filter>
    </ClCompile>
    <ClCompile Include="LoadingBackDrop.cpp">
      <Filter>Object\Actor\04.Loading\00.BackDrop</Filter>
    </ClCompile>
    <ClCompile Include="BottomStateBar.cpp">
      <Filter>Object\Actor\00.Global\00.Player\03.UI\00.BottomStateBar</Filter>
    </ClCompile>
    <ClCompile Include="EndingLevel.cpp">
      <Filter>Object\Level\08.EndingLevel</Filter>
    </ClCompile>
    <ClCompile Include="MouseObject.cpp">
      <Filter>Object\Actor\00.Global\04.Mouse</Filter>
    </ClCompile>
    <ClCompile Include="Storehouse.cpp">
      <Filter>Object\Actor\00.Global\03.Object\00.Storehouse</Filter>
    </ClCompile>
    <ClCompile Include="NormalPortal.cpp">
      <Filter>Object\Actor\00.Global\03.Object\01.Portal\00.NormalPortal</Filter>
    </ClCompile>
    <ClCompile Include="BossPortal_Auto.cpp">
      <Filter>Object\Actor\00.Global\03.Object\01.Portal\01.BossPortal</Filter>
    </ClCompile>
    <ClCompile Include="CoffinObject.cpp">
      <Filter>Object\Actor\00.Global\03.Object\03.Coffin</Filter>
    </ClCompile>
    <ClCompile Include="Fallen.cpp">
      <Filter>Object\Actor\00.Global\01.Monster\00.Normal\00.Fallen</Filter>
    </ClCompile>
    <ClCompile Include="SpikeFiend.cpp">
      <Filter>Object\Actor\00.Global\01.Monster\00.Normal\01.SpikeFiend</Filter>
    </ClCompile>
    <ClCompile Include="Tainted.cpp">
      <Filter>Object\Actor\00.Global\01.Monster\00.Normal\02.Tainted</Filter>
    </ClCompile>
    <ClCompile Include="Zombie.cpp">
      <Filter>Object\Actor\00.Global\01.Monster\00.Normal\03.Zombie</Filter>
    </ClCompile>
    <ClCompile Include="Andariel.cpp">
      <Filter>Object\Actor\00.Global\01.Monster\01.Boss\00.Andariel</Filter>
    </ClCompile>
    <ClCompile Include="Diablo.cpp">
      <Filter>Object\Actor\00.Global\01.Monster\01.Boss\01.Diablo</Filter>
    </ClCompile>
    <ClCompile Include="BoxObject.cpp">
      <Filter>Object\Actor\00.Global\03.Object\02.Box</Filter>
    </ClCompile>
    <ClCompile Include="GlobalValue.cpp">
      <Filter>Object\GlobalValue</Filter>
    </ClCompile>
    <ClCompile Include="MainPlayer_CreateAnimation.cpp">
      <Filter>Object\Actor\00.Global\00.Player\99.Function\CreateAnimation</Filter>
    </ClCompile>
    <ClCompile Include="MainPlayer_AnimationCutting.cpp">
      <Filter>Object\Actor\00.Global\00.Player\99.Function\TextureCutting</Filter>
    </ClCompile>
    <ClCompile Include="MainPlayer_ChangeAnimation.cpp">
      <Filter>Object\Actor\00.Global\00.Player\99.Function\ChangeAnimation</Filter>
    </ClCompile>
    <ClCompile Include="MainPlayerInfomation.cpp">
      <Filter>Object\Actor\00.Global\00.Player\00.Infomation</Filter>
    </ClCompile>
  </ItemGroup>
  <ItemGroup>
    <Filter Include="PreCompile">
      <UniqueIdentifier>{d8e5ec8f-1109-4365-859c-d8f6aa87e43a}</UniqueIdentifier>
    </Filter>
    <Filter Include="UserCore">
      <UniqueIdentifier>{85a145bd-65f4-422b-b8df-50ca38925ac6}</UniqueIdentifier>
    </Filter>
    <Filter Include="CustomVertex">
      <UniqueIdentifier>{006bb727-3d97-4f7b-8768-542fbd7b0eb3}</UniqueIdentifier>
    </Filter>
    <Filter Include="UserCore\Resource">
      <UniqueIdentifier>{0727861e-3f49-4c74-a39e-94ce79f3b02c}</UniqueIdentifier>
    </Filter>
    <Filter Include="UserCore\ShaderResource">
      <UniqueIdentifier>{cc396857-9423-46c5-98cf-7199c136812d}</UniqueIdentifier>
    </Filter>
    <Filter Include="Object">
      <UniqueIdentifier>{2f7eb252-837a-4e19-b538-c9b29f112b71}</UniqueIdentifier>
    </Filter>
    <Filter Include="Object\Level">
      <UniqueIdentifier>{4a8b94b6-d456-4fe7-9cc2-586dccc9b552}</UniqueIdentifier>
    </Filter>
    <Filter Include="Object\Actor">
      <UniqueIdentifier>{3c05d5ec-1e4d-4d50-84f0-de731c15aff6}</UniqueIdentifier>
    </Filter>
    <Filter Include="Object\Level\01.TitleLevel">
      <UniqueIdentifier>{8fbf6e9c-8190-443d-b1f6-2068caa4555c}</UniqueIdentifier>
    </Filter>
    <Filter Include="Object\Level\04.LoadingLevel">
      <UniqueIdentifier>{719e4e5a-a1b2-4eeb-8fb3-f5e643e5cfb8}</UniqueIdentifier>
    </Filter>
    <Filter Include="Object\Level\05.TownLevel">
      <UniqueIdentifier>{ada521d3-af5a-4aac-b588-5d2376a1c8b5}</UniqueIdentifier>
    </Filter>
    <Filter Include="Object\Level\06.CatacombsLevel">
      <UniqueIdentifier>{22c76e74-51b0-412c-8580-3a856b90e82e}</UniqueIdentifier>
    </Filter>
    <Filter Include="Object\Level\07.ChaosSanctuaryLevel">
      <UniqueIdentifier>{7121fc10-9576-40bd-92a6-379e4128af78}</UniqueIdentifier>
    </Filter>
    <Filter Include="Object\Actor\01.Title">
      <UniqueIdentifier>{633d8bad-7c78-48f1-b19c-699d8d29029b}</UniqueIdentifier>
    </Filter>
    <Filter Include="Object\Actor\04.Loading">
      <UniqueIdentifier>{664af8d7-8c02-4cce-b13a-95086dbe4742}</UniqueIdentifier>
    </Filter>
    <Filter Include="Object\Actor\05.Town">
      <UniqueIdentifier>{78fb4558-b051-4605-b48a-6c536a01f285}</UniqueIdentifier>
    </Filter>
    <Filter Include="Object\Actor\06.Catacombs">
      <UniqueIdentifier>{1a6707aa-ad94-47c7-ab06-a58da929c982}</UniqueIdentifier>
    </Filter>
    <Filter Include="Object\Actor\07.ChaosSanctuary">
      <UniqueIdentifier>{1432a695-8a1d-4eac-ac88-026520e47e26}</UniqueIdentifier>
    </Filter>
    <Filter Include="Object\Actor\00.Global">
      <UniqueIdentifier>{6d4bf183-faf7-479b-bb99-faa755f85b30}</UniqueIdentifier>
    </Filter>
    <Filter Include="Object\Level\00.Global">
      <UniqueIdentifier>{c12ce5a7-5672-4ddf-b2cb-70539ee201b6}</UniqueIdentifier>
    </Filter>
    <Filter Include="Object\Actor\00.Global\00.Player">
      <UniqueIdentifier>{b583ae74-4e83-489e-8618-3b194782b896}</UniqueIdentifier>
    </Filter>
    <Filter Include="Object\Actor\00.Global\01.Monster">
      <UniqueIdentifier>{741ca80b-de77-4c00-8a8e-23618b9d789a}</UniqueIdentifier>
    </Filter>
    <Filter Include="Object\Actor\00.Global\02.NPC">
      <UniqueIdentifier>{ae5091d2-f035-48a5-8cc7-209c61f36844}</UniqueIdentifier>
    </Filter>
    <Filter Include="Object\Actor\01.Title\00.BackDrop">
      <UniqueIdentifier>{d2175284-c43f-4be4-8b5f-49343eb9a462}</UniqueIdentifier>
    </Filter>
    <Filter Include="Object\Actor\01.Title\01.Logo">
      <UniqueIdentifier>{1aac03ee-daab-44cd-b94f-556bcc86980d}</UniqueIdentifier>
    </Filter>
    <Filter Include="Object\Actor\01.Title\02.GameStartButton">
      <UniqueIdentifier>{536514f7-9dc8-4eb2-8843-959ae3213fcf}</UniqueIdentifier>
    </Filter>
    <Filter Include="Object\Actor\01.Title\03.GameEndButton">
      <UniqueIdentifier>{acbc4b11-dbf9-4853-8f0a-24405abcd896}</UniqueIdentifier>
    </Filter>
    <Filter Include="Object\GlobalValue">
      <UniqueIdentifier>{834cd530-b262-4c34-9945-10bfec683976}</UniqueIdentifier>
    </Filter>
    <Filter Include="Object\Actor\00.Global\00.Player\00.Infomation">
      <UniqueIdentifier>{10c8b0bf-82ce-4c0e-a95f-e839f7ca3ba3}</UniqueIdentifier>
    </Filter>
    <Filter Include="Object\Actor\00.Global\00.Player\01.Summons">
      <UniqueIdentifier>{cb631d86-2e19-45c8-873e-0c6233773f39}</UniqueIdentifier>
    </Filter>
    <Filter Include="Object\Actor\03.SelectCharacter">
      <UniqueIdentifier>{3baf64eb-2dc5-4210-b12c-0855bd24bf82}</UniqueIdentifier>
    </Filter>
    <Filter Include="Object\Actor\03.SelectCharacter\00.BackDrop">
      <UniqueIdentifier>{6130c3cb-41b2-4bfe-b299-94e1c0989f08}</UniqueIdentifier>
    </Filter>
    <Filter Include="Object\Actor\03.SelectCharacter\01.Selector">
      <UniqueIdentifier>{226b50d0-8f79-4048-bb5d-376e837b9ebc}</UniqueIdentifier>
    </Filter>
    <Filter Include="Object\Actor\03.SelectCharacter\02.Scroll">
      <UniqueIdentifier>{c939ed4a-125b-4a59-b667-3888b4dbedfb}</UniqueIdentifier>
    </Filter>
    <Filter Include="Object\Actor\03.SelectCharacter\03.CharacterList">
      <UniqueIdentifier>{5b494b4b-f361-4c7f-b2e7-207fd97453ac}</UniqueIdentifier>
    </Filter>
    <Filter Include="Object\Actor\03.SelectCharacter\04.Button">
      <UniqueIdentifier>{fc4ee3a0-c3ab-4045-b606-da7fbfa3eaa2}</UniqueIdentifier>
    </Filter>
    <Filter Include="Object\Actor\03.SelectCharacter\04.Button\00.CreateCharacterButton">
      <UniqueIdentifier>{018bdd04-6a7b-4aa3-b793-54c4ceb470dd}</UniqueIdentifier>
    </Filter>
    <Filter Include="Object\Actor\03.SelectCharacter\04.Button\01.CharacterDeleteButton">
      <UniqueIdentifier>{932cd0c9-7ef3-4b5e-bcb7-4a48f2d934ba}</UniqueIdentifier>
    </Filter>
    <Filter Include="Object\Actor\03.SelectCharacter\04.Button\02.PrevLevelButton">
      <UniqueIdentifier>{d928b189-9b74-41cc-a17a-6063e34dee10}</UniqueIdentifier>
    </Filter>
    <Filter Include="Object\Actor\03.SelectCharacter\04.Button\03.GameStartButton">
      <UniqueIdentifier>{0d204dda-5a16-498b-b1e1-fe9fe2e57229}</UniqueIdentifier>
    </Filter>
    <Filter Include="Object\Actor\02.CreateCharacter">
      <UniqueIdentifier>{c1ede51c-feef-41b9-b87b-c5fbde458339}</UniqueIdentifier>
    </Filter>
    <Filter Include="Object\Actor\02.CreateCharacter\00.BackDrop">
      <UniqueIdentifier>{ffa48772-1fdd-41cd-8060-733810bbeda4}</UniqueIdentifier>
    </Filter>
    <Filter Include="Object\Actor\02.CreateCharacter\01.FireObject">
      <UniqueIdentifier>{a557badf-f83b-4631-a0bf-78e39cf5ff04}</UniqueIdentifier>
    </Filter>
    <Filter Include="Object\Actor\02.CreateCharacter\02.NecObject">
      <UniqueIdentifier>{a06b75a1-4a90-4c97-9dee-4f166f2cd6e3}</UniqueIdentifier>
    </Filter>
    <Filter Include="Object\Actor\02.CreateCharacter\03.InputText">
      <UniqueIdentifier>{d317662e-f139-4bb5-8d36-0e810e9af204}</UniqueIdentifier>
    </Filter>
    <Filter Include="Object\Actor\02.CreateCharacter\04.GameStartButton">
      <UniqueIdentifier>{8dd3ec03-da65-4710-8cf2-9d7a141d2367}</UniqueIdentifier>
    </Filter>
    <Filter Include="Object\Level\02.CreateCharacterLevel">
      <UniqueIdentifier>{637d22fc-55d4-4764-a8bc-24a5003a8f1a}</UniqueIdentifier>
    </Filter>
    <Filter Include="Object\Level\03.SelectCharacterLevel">
      <UniqueIdentifier>{d0ace612-a181-4755-82f4-605e1aa26aa2}</UniqueIdentifier>
    </Filter>
    <Filter Include="Object\Actor\00.Global\01.Monster\00.Normal">
      <UniqueIdentifier>{86732d3d-3e82-41ad-afc3-c5a858182dde}</UniqueIdentifier>
    </Filter>
    <Filter Include="Object\Actor\00.Global\01.Monster\01.Boss">
      <UniqueIdentifier>{5be284f3-8ee0-4c28-aed0-7e7678c59e3c}</UniqueIdentifier>
    </Filter>
    <Filter Include="Object\Actor\00.Global\02.NPC\00.WeaponNPC">
      <UniqueIdentifier>{2e7dafa2-e99d-4476-810f-15b3ae6ef5e5}</UniqueIdentifier>
    </Filter>
    <Filter Include="Object\Actor\00.Global\02.NPC\01.ChandleryNPC">
      <UniqueIdentifier>{f08ec3e2-3ae4-4688-b167-fe51c322ace4}</UniqueIdentifier>
    </Filter>
    <Filter Include="Object\Actor\00.Global\00.Player\02.Skill">
      <UniqueIdentifier>{34bf7bfa-7626-462c-8497-1b078255ee62}</UniqueIdentifier>
    </Filter>
    <Filter Include="Object\Actor\00.Global\00.Player\03.UI">
      <UniqueIdentifier>{25313959-9ae0-4236-95a7-ad1a20eb7de0}</UniqueIdentifier>
    </Filter>
    <Filter Include="Object\Actor\04.Loading\01.LoadingAnimation">
      <UniqueIdentifier>{12ca3d1b-6d3d-47c2-aeff-a110abbb26d5}</UniqueIdentifier>
    </Filter>
    <Filter Include="Object\Actor\04.Loading\00.BackDrop">
      <UniqueIdentifier>{17fece50-6be3-4b0f-99b1-1092772cb145}</UniqueIdentifier>
    </Filter>
    <Filter Include="Object\Actor\00.Global\00.Player\03.UI\00.BottomStateBar">
      <UniqueIdentifier>{cb76aaf7-fcc6-4f91-98d4-a77a78e1e802}</UniqueIdentifier>
    </Filter>
    <Filter Include="Object\Actor\00.Global\00.Player\03.UI\01.StateView">
      <UniqueIdentifier>{414d7a8a-d674-4f85-9361-c2bd67535390}</UniqueIdentifier>
    </Filter>
    <Filter Include="Object\Actor\00.Global\00.Player\03.UI\02.SkillView">
      <UniqueIdentifier>{01e56f95-5d78-40c1-890b-a89f29dc8008}</UniqueIdentifier>
    </Filter>
    <Filter Include="Object\Actor\00.Global\00.Player\03.UI\03.InventoryView">
      <UniqueIdentifier>{38e7f2e7-8547-4b3a-84a5-d3b3b35134ec}</UniqueIdentifier>
    </Filter>
    <Filter Include="Object\Actor\00.Global\00.Player\02.Skill\00.BoneSpirit">
      <UniqueIdentifier>{b6fcfa81-93d3-4f93-8ae7-e979f82c312e}</UniqueIdentifier>
    </Filter>
    <Filter Include="Object\Actor\00.Global\00.Player\01.Summons\00.BloodGolem">
      <UniqueIdentifier>{84ba3766-1cfd-4292-839a-17b15ce25db9}</UniqueIdentifier>
    </Filter>
    <Filter Include="Object\Actor\00.Global\00.Player\01.Summons\01.ClayGolem">
      <UniqueIdentifier>{be81a313-5eb8-41b0-8f6f-d95500c35e46}</UniqueIdentifier>
    </Filter>
    <Filter Include="Object\Actor\00.Global\00.Player\01.Summons\02.FireGolem">
      <UniqueIdentifier>{183d923b-2c84-4bf2-8133-21aeefd197ec}</UniqueIdentifier>
    </Filter>
    <Filter Include="Object\Actor\00.Global\00.Player\01.Summons\03.IronGolem">
      <UniqueIdentifier>{f72700e7-2628-469d-879d-45484170564c}</UniqueIdentifier>
    </Filter>
    <Filter Include="Object\Actor\00.Global\00.Player\01.Summons\04.Sketelon">
      <UniqueIdentifier>{779ade46-5bb4-42f5-a2ea-8826f6b641d9}</UniqueIdentifier>
    </Filter>
    <Filter Include="Object\Actor\00.Global\00.Player\01.Summons\04.Sketelon\00.Warrior">
      <UniqueIdentifier>{749e6bc8-2adb-4671-8f65-64660f91bdf1}</UniqueIdentifier>
    </Filter>
    <Filter Include="Object\Actor\00.Global\00.Player\01.Summons\04.Sketelon\01.Wizard">
      <UniqueIdentifier>{6f2baad5-ae35-463a-a707-4f75e20d1440}</UniqueIdentifier>
    </Filter>
    <Filter Include="Object\Actor\00.Global\00.Player\01.Summons\04.Sketelon\01.Wizard\00.COD">
      <UniqueIdentifier>{48e57005-bdef-4771-934b-c38e2dd635d7}</UniqueIdentifier>
    </Filter>
    <Filter Include="Object\Actor\00.Global\00.Player\01.Summons\04.Sketelon\01.Wizard\01.FIR">
      <UniqueIdentifier>{4253d85d-13c3-4175-9532-ad145b54c734}</UniqueIdentifier>
    </Filter>
    <Filter Include="Object\Actor\00.Global\00.Player\01.Summons\04.Sketelon\01.Wizard\02.LHT">
      <UniqueIdentifier>{99394069-ca50-4c0b-9b66-45e18cc2bc1b}</UniqueIdentifier>
    </Filter>
    <Filter Include="Object\Actor\00.Global\00.Player\01.Summons\04.Sketelon\01.Wizard\03.POS">
      <UniqueIdentifier>{89fb5e35-bc4e-4107-a3e4-cbcbc7cf698f}</UniqueIdentifier>
    </Filter>
    <Filter Include="Object\Actor\00.Global\01.Monster\00.Normal\00.Fallen">
      <UniqueIdentifier>{615937e1-5453-4c68-a73c-7623b03db26e}</UniqueIdentifier>
    </Filter>
    <Filter Include="Object\Actor\00.Global\01.Monster\00.Normal\01.SpikeFiend">
      <UniqueIdentifier>{910e8bb4-d0b0-42c9-8fb0-3b14da60a1f4}</UniqueIdentifier>
    </Filter>
    <Filter Include="Object\Actor\00.Global\01.Monster\00.Normal\02.Tainted">
      <UniqueIdentifier>{d27abfc3-b955-4dab-b7f8-5a40536c7f2d}</UniqueIdentifier>
    </Filter>
    <Filter Include="Object\Actor\00.Global\01.Monster\00.Normal\03.Zombie">
      <UniqueIdentifier>{3b8fdd89-aa0f-447b-8521-9ae5dfb37bf4}</UniqueIdentifier>
    </Filter>
    <Filter Include="Object\Actor\00.Global\01.Monster\01.Boss\00.Andariel">
      <UniqueIdentifier>{4dc47355-c999-48d6-af8e-6e1bff9123a6}</UniqueIdentifier>
    </Filter>
    <Filter Include="Object\Actor\00.Global\01.Monster\01.Boss\01.Diablo">
      <UniqueIdentifier>{3eef5d4b-22a7-4ba0-85c4-9527ef88d602}</UniqueIdentifier>
    </Filter>
    <Filter Include="Object\Level\08.EndingLevel">
      <UniqueIdentifier>{8a25709c-464f-4d3c-bb69-09b18a1ac49d}</UniqueIdentifier>
    </Filter>
    <Filter Include="Object\Actor\08.Ending">
      <UniqueIdentifier>{45877efa-abbd-40a0-aaae-97e0b1781d05}</UniqueIdentifier>
    </Filter>
    <Filter Include="Object\Actor\08.Ending\00.BackDrop">
      <UniqueIdentifier>{a2172a5e-2a37-4a4b-b479-151904e3bc9d}</UniqueIdentifier>
    </Filter>
    <Filter Include="Object\Actor\08.Ending\01.FadeActor">
      <UniqueIdentifier>{c3fb772b-9bbd-4719-a369-f0e8723463b9}</UniqueIdentifier>
    </Filter>
    <Filter Include="Object\Actor\08.Ending\02.CreditText">
      <UniqueIdentifier>{d4c8cf75-c2ea-4822-b6c6-e4b1910c77f0}</UniqueIdentifier>
    </Filter>
    <Filter Include="Object\Actor\00.Global\03.Object">
      <UniqueIdentifier>{813786d2-b77a-44f4-b8d3-59ee22af0ec5}</UniqueIdentifier>
    </Filter>
    <Filter Include="Object\Actor\00.Global\04.Mouse">
      <UniqueIdentifier>{5ba9e8d3-88ce-4cb5-b705-ccd2c1f9e082}</UniqueIdentifier>
    </Filter>
    <Filter Include="Object\Actor\00.Global\03.Object\00.Storehouse">
      <UniqueIdentifier>{491f65ec-e26a-48b0-a02b-1df1211746cc}</UniqueIdentifier>
    </Filter>
    <Filter Include="Object\Actor\00.Global\03.Object\01.Portal">
      <UniqueIdentifier>{f295207a-938c-4d1d-86c2-aba77ed7b126}</UniqueIdentifier>
    </Filter>
    <Filter Include="Object\Actor\00.Global\03.Object\01.Portal\00.NormalPortal">
      <UniqueIdentifier>{4578db20-d929-495f-8b7e-ff8251231344}</UniqueIdentifier>
    </Filter>
    <Filter Include="Object\Actor\00.Global\03.Object\01.Portal\01.BossPortal">
      <UniqueIdentifier>{dbb696a4-bbd3-47ce-922d-357fb680c4f5}</UniqueIdentifier>
    </Filter>
    <Filter Include="Object\Actor\00.Global\03.Object\03.Coffin">
      <UniqueIdentifier>{8ae9ea88-6f39-4515-8131-6405920dd801}</UniqueIdentifier>
    </Filter>
    <Filter Include="Object\Actor\00.Global\03.Object\02.Box">
      <UniqueIdentifier>{2191d23a-454f-4746-b602-2bc7aff3e5e6}</UniqueIdentifier>
    </Filter>
    <Filter Include="Object\Actor\00.Global\03.Object\04.Well">
      <UniqueIdentifier>{736c5cc3-4af8-4e0d-998a-0c02184dc331}</UniqueIdentifier>
    </Filter>
    <Filter Include="Object\Actor\00.Global\03.Object\04.Well\00.Stamina">
      <UniqueIdentifier>{4973b934-dfee-4a22-8d44-2cbc45f2040d}</UniqueIdentifier>
    </Filter>
    <Filter Include="Object\Actor\00.Global\03.Object\04.Well\01.HP">
      <UniqueIdentifier>{9dae9110-2ab9-46b2-b010-4ac74f43a1af}</UniqueIdentifier>
    </Filter>
    <Filter Include="Object\Actor\00.Global\03.Object\04.Well\02.MP">
      <UniqueIdentifier>{6fe0273a-11ec-4bd1-9d44-837e2017a7ed}</UniqueIdentifier>
    </Filter>
    <Filter Include="Object\Actor\00.Global\00.Player\99.Function">
      <UniqueIdentifier>{f28554de-ba68-4138-99e7-7242899d69e9}</UniqueIdentifier>
    </Filter>
    <Filter Include="Object\Actor\00.Global\00.Player\99.Function\CreateAnimation">
      <UniqueIdentifier>{290cfd95-e8af-4bc3-bece-58e1deda3895}</UniqueIdentifier>
    </Filter>
    <Filter Include="Object\Actor\00.Global\00.Player\99.Function\TextureCutting">
      <UniqueIdentifier>{6279e8b6-01d5-4954-862f-385efcf54659}</UniqueIdentifier>
    </Filter>
    <Filter Include="Object\Actor\00.Global\00.Player\99.Function\ChangeAnimation">
      <UniqueIdentifier>{c7c0e559-ccec-4234-b73a-f40650878b0c}</UniqueIdentifier>
    </Filter>
    <Filter Include="Object\Actor\00.Global\00.Player\03.UI\00.BottomStateBar\LeftWeaponSkill">
      <UniqueIdentifier>{9dac6442-adab-459b-9d0e-8c205fddd14f}</UniqueIdentifier>
    </Filter>
    <Filter Include="Object\Actor\00.Global\00.Player\03.UI\00.BottomStateBar\RightWeaponSkill">
      <UniqueIdentifier>{07178529-adf9-43b1-8e70-900c40380ab3}</UniqueIdentifier>
    </Filter>
    <Filter Include="Object\Actor\00.Global\00.Player\03.UI\00.BottomStateBar\Stamaina">
      <UniqueIdentifier>{937ed26c-7b5c-449e-b605-49d5c5721220}</UniqueIdentifier>
    </Filter>
    <Filter Include="Object\Actor\00.Global\00.Player\03.UI\00.BottomStateBar\MiniMenu">
      <UniqueIdentifier>{be378c1f-efe8-4620-bcfd-a8d4d74b1d17}</UniqueIdentifier>
    </Filter>
  </ItemGroup>
  <ItemGroup>
    <ClInclude Include="PreCompile.h">
      <Filter>PreCompile</Filter>
    </ClInclude>
    <ClInclude Include="UserGame.h">
      <Filter>UserCore</Filter>
    </ClInclude>
    <ClInclude Include="CustomVertex.h">
      <Filter>CustomVertex</Filter>
    </ClInclude>
    <ClInclude Include="UserGame_Resources_Shader.h">
      <Filter>UserCore\ShaderResource</Filter>
    </ClInclude>
    <ClInclude Include="TitleLevel.h">
      <Filter>Object\Level\01.TitleLevel</Filter>
    </ClInclude>
    <ClInclude Include="CreateCharacterLevel.h">
      <Filter>Object\Level\02.CreateCharacterLevel</Filter>
    </ClInclude>
    <ClInclude Include="SelectCharacterLevel.h">
      <Filter>Object\Level\03.SelectCharacterLevel</Filter>
    </ClInclude>
    <ClInclude Include="LoadingLevel.h">
      <Filter>Object\Level\04.LoadingLevel</Filter>
    </ClInclude>
    <ClInclude Include="TownLevel.h">
      <Filter>Object\Level\05.TownLevel</Filter>
    </ClInclude>
    <ClInclude Include="CatacombsLevel.h">
      <Filter>Object\Level\06.CatacombsLevel</Filter>
    </ClInclude>
    <ClInclude Include="ChaosSanctuaryLevel.h">
      <Filter>Object\Level\07.ChaosSanctuaryLevel</Filter>
    </ClInclude>
    <ClInclude Include="TitleBackDrop.h">
      <Filter>Object\Actor\01.Title\00.BackDrop</Filter>
    </ClInclude>
    <ClInclude Include="TitleLogo.h">
      <Filter>Object\Actor\01.Title\01.Logo</Filter>
    </ClInclude>
    <ClInclude Include="GameStartButton.h">
      <Filter>Object\Actor\01.Title\02.GameStartButton</Filter>
    </ClInclude>
    <ClInclude Include="GameEndButton.h">
      <Filter>Object\Actor\01.Title\03.GameEndButton</Filter>
    </ClInclude>
    <ClInclude Include="CreateCharacterBackDrop.h">
      <Filter>Object\Actor\02.CreateCharacter\00.BackDrop</Filter>
    </ClInclude>
    <ClInclude Include="MainPlayer.h">
      <Filter>Object\Actor\00.Global\00.Player</Filter>
    </ClInclude>
    <ClInclude Include="CreateCharacterFireObject.h">
      <Filter>Object\Actor\02.CreateCharacter\01.FireObject</Filter>
    </ClInclude>
    <ClInclude Include="CreateCharacterNecromancerObject.h">
      <Filter>Object\Actor\02.CreateCharacter\02.NecObject</Filter>
    </ClInclude>
    <ClInclude Include="CreateCharacterInputText.h">
      <Filter>Object\Actor\02.CreateCharacter\03.InputText</Filter>
    </ClInclude>
    <ClInclude Include="CreateCharacterButton.h">
      <Filter>Object\Actor\03.SelectCharacter\04.Button\00.CreateCharacterButton</Filter>
    </ClInclude>
    <ClInclude Include="CharacterDeleteButton.h">
      <Filter>Object\Actor\03.SelectCharacter\04.Button\01.CharacterDeleteButton</Filter>
    </ClInclude>
    <ClInclude Include="PrevLevelButton.h">
      <Filter>Object\Actor\03.SelectCharacter\04.Button\02.PrevLevelButton</Filter>
    </ClInclude>
    <ClInclude Include="SelPlayerGameStartButton.h">
      <Filter>Object\Actor\03.SelectCharacter\04.Button\03.GameStartButton</Filter>
    </ClInclude>
    <ClInclude Include="CurPlayerGameStartButton.h">
      <Filter>Object\Actor\02.CreateCharacter\04.GameStartButton</Filter>
    </ClInclude>
    <ClInclude Include="SelectCharacterBackDrop.h">
      <Filter>Object\Actor\03.SelectCharacter\00.BackDrop</Filter>
    </ClInclude>
    <ClInclude Include="SelectCharacterSelector.h">
      <Filter>Object\Actor\03.SelectCharacter\01.Selector</Filter>
    </ClInclude>
    <ClInclude Include="SelectCharacterScroll.h">
      <Filter>Object\Actor\03.SelectCharacter\02.Scroll</Filter>
    </ClInclude>
    <ClInclude Include="SelectCharacterList.h">
      <Filter>Object\Actor\03.SelectCharacter\03.CharacterList</Filter>
    </ClInclude>
    <ClInclude Include="LoadingAnimation.h">
      <Filter>Object\Actor\04.Loading\01.LoadingAnimation</Filter>
    </ClInclude>
    <ClInclude Include="LoadingBackDrop.h">
      <Filter>Object\Actor\04.Loading\00.BackDrop</Filter>
    </ClInclude>
    <ClInclude Include="BottomStateBar.h">
      <Filter>Object\Actor\00.Global\00.Player\03.UI\00.BottomStateBar</Filter>
    </ClInclude>
    <ClInclude Include="EndingLevel.h">
      <Filter>Object\Level\08.EndingLevel</Filter>
    </ClInclude>
    <ClInclude Include="MouseObject.h">
      <Filter>Object\Actor\00.Global\04.Mouse</Filter>
    </ClInclude>
    <ClInclude Include="Storehouse.h">
      <Filter>Object\Actor\00.Global\03.Object\00.Storehouse</Filter>
    </ClInclude>
    <ClInclude Include="NormalPortal.h">
      <Filter>Object\Actor\00.Global\03.Object\01.Portal\00.NormalPortal</Filter>
    </ClInclude>
    <ClInclude Include="BossPortal_Auto.h">
      <Filter>Object\Actor\00.Global\03.Object\01.Portal\01.BossPortal</Filter>
    </ClInclude>
    <ClInclude Include="CoffinObject.h">
      <Filter>Object\Actor\00.Global\03.Object\03.Coffin</Filter>
    </ClInclude>
    <ClInclude Include="Fallen.h">
      <Filter>Object\Actor\00.Global\01.Monster\00.Normal\00.Fallen</Filter>
    </ClInclude>
    <ClInclude Include="SpikeFiend.h">
      <Filter>Object\Actor\00.Global\01.Monster\00.Normal\01.SpikeFiend</Filter>
    </ClInclude>
    <ClInclude Include="Tainted.h">
      <Filter>Object\Actor\00.Global\01.Monster\00.Normal\02.Tainted</Filter>
    </ClInclude>
    <ClInclude Include="Zombie.h">
      <Filter>Object\Actor\00.Global\01.Monster\00.Normal\03.Zombie</Filter>
    </ClInclude>
    <ClInclude Include="Andariel.h">
      <Filter>Object\Actor\00.Global\01.Monster\01.Boss\00.Andariel</Filter>
    </ClInclude>
    <ClInclude Include="Diablo.h">
      <Filter>Object\Actor\00.Global\01.Monster\01.Boss\01.Diablo</Filter>
    </ClInclude>
    <ClInclude Include="BoxObject.h">
      <Filter>Object\Actor\00.Global\03.Object\02.Box</Filter>
    </ClInclude>
    <ClInclude Include="GlobalValue.h">
      <Filter>Object\GlobalValue</Filter>
    </ClInclude>
    <ClInclude Include="MainPlayerInfomation.h">
      <Filter>Object\Actor\00.Global\00.Player\00.Infomation</Filter>
    </ClInclude>
  </ItemGroup>
</Project>