<?xml version="1.0" encoding="utf-8"?>
<Project ToolsVersion="4.0" xmlns="http://schemas.microsoft.com/developer/msbuild/2003">
  <ItemGroup>
    <Filter Include="Debug">
      <UniqueIdentifier>{702cd4c0-c756-49ea-b13a-2c6ab28189a9}</UniqueIdentifier>
    </Filter>
    <Filter Include="IO">
      <UniqueIdentifier>{2602f55f-b4dc-4d09-893f-9d1370533da1}</UniqueIdentifier>
    </Filter>
    <Filter Include="Math">
      <UniqueIdentifier>{0809dd79-a4f8-4a55-9e62-c87280c96ced}</UniqueIdentifier>
    </Filter>
    <Filter Include="PreCompile">
      <UniqueIdentifier>{50046a3e-cb52-410c-94e4-2e96a7fbec0c}</UniqueIdentifier>
    </Filter>
    <Filter Include="Object">
      <UniqueIdentifier>{a0780e08-f6ad-4a58-a348-75b194103957}</UniqueIdentifier>
    </Filter>
    <Filter Include="Time">
      <UniqueIdentifier>{02d9c550-9927-43ed-846a-4fc1f301b8dd}</UniqueIdentifier>
    </Filter>
    <Filter Include="Lib">
      <UniqueIdentifier>{d03f565f-4b79-4097-b363-5995aee73bb9}</UniqueIdentifier>
    </Filter>
    <Filter Include="Lib\FMOD">
      <UniqueIdentifier>{e950dc65-3649-47a8-9a5e-403908dea328}</UniqueIdentifier>
    </Filter>
    <Filter Include="Lib\FMOD\Debug">
      <UniqueIdentifier>{957039a2-3d08-4730-a54f-6eaf71586c9a}</UniqueIdentifier>
    </Filter>
    <Filter Include="Lib\FMOD\Release">
      <UniqueIdentifier>{dcb8de39-1135-449f-b517-bba800ea8a62}</UniqueIdentifier>
    </Filter>
    <Filter Include="Media">
      <UniqueIdentifier>{5bca60f3-9d5d-4c92-8f9d-c87557d6a9ed}</UniqueIdentifier>
    </Filter>
    <Filter Include="String">
      <UniqueIdentifier>{1323b7f3-4030-4857-a3e5-61dfcc086fdb}</UniqueIdentifier>
    </Filter>
    <Filter Include="Math\Random">
      <UniqueIdentifier>{ed833e43-c14a-4795-a3d1-cc65aa35bb8b}</UniqueIdentifier>
    </Filter>
  </ItemGroup>
  <ItemGroup>
    <ClCompile Include="PreCompile.cpp">
      <Filter>PreCompile</Filter>
    </ClCompile>
    <ClCompile Include="GameEngineDebug.cpp">
      <Filter>Debug</Filter>
    </ClCompile>
    <ClCompile Include="GameEngineDirectroy.cpp">
      <Filter>IO</Filter>
    </ClCompile>
    <ClCompile Include="GameEngineFile.cpp">
      <Filter>IO</Filter>
    </ClCompile>
    <ClCompile Include="GameEnginePath.cpp">
      <Filter>IO</Filter>
    </ClCompile>
    <ClCompile Include="GameEngineObjectBase.cpp">
      <Filter>Object</Filter>
    </ClCompile>
    <ClCompile Include="GameEngineObjectNameBase.cpp">
      <Filter>Object</Filter>
    </ClCompile>
    <ClCompile Include="GameEngineTime.cpp">
      <Filter>Time</Filter>
    </ClCompile>
    <ClCompile Include="GameEngineSoundManager.cpp">
      <Filter>Media</Filter>
    </ClCompile>
    <ClCompile Include="GameEngineSound.cpp">
      <Filter>Media</Filter>
    </ClCompile>
    <ClCompile Include="GameEngineSoundPlayer.cpp">
      <Filter>Media</Filter>
    </ClCompile>
    <ClCompile Include="GameEngineString.cpp">
      <Filter>String</Filter>
    </ClCompile>
    <ClCompile Include="GameEngineMath.cpp">
      <Filter>Math</Filter>
    </ClCompile>
    <ClCompile Include="GameEngineRandom.cpp">
      <Filter>Math\Random</Filter>
    </ClCompile>
  </ItemGroup>
  <ItemGroup>
    <ClInclude Include="PreCompile.h">
      <Filter>PreCompile</Filter>
    </ClInclude>
    <ClInclude Include="GameEngineDebug.h">
      <Filter>Debug</Filter>
    </ClInclude>
    <ClInclude Include="GameEngineDirectroy.h">
      <Filter>IO</Filter>
    </ClInclude>
    <ClInclude Include="GameEngineFile.h">
      <Filter>IO</Filter>
    </ClInclude>
    <ClInclude Include="GameEnginePath.h">
      <Filter>IO</Filter>
    </ClInclude>
    <ClInclude Include="GameEngineObjectBase.h">
      <Filter>Object</Filter>
    </ClInclude>
    <ClInclude Include="GameEngineObjectNameBase.h">
      <Filter>Object</Filter>
    </ClInclude>
    <ClInclude Include="GameEngineTime.h">
      <Filter>Time</Filter>
    </ClInclude>
    <ClInclude Include="GameEngineSoundManager.h">
      <Filter>Media</Filter>
    </ClInclude>
    <ClInclude Include="GameEngineSound.h">
      <Filter>Media</Filter>
    </ClInclude>
    <ClInclude Include="GameEngineSoundPlayer.h">
      <Filter>Media</Filter>
    </ClInclude>
    <ClInclude Include="GameEngineString.h">
      <Filter>String</Filter>
    </ClInclude>
    <ClInclude Include="GameEngineMath.h">
      <Filter>Math</Filter>
    </ClInclude>
    <ClInclude Include="GameEngineRandom.h">
      <Filter>Math\Random</Filter>
    </ClInclude>
  </ItemGroup>
  <ItemGroup>
    <CopyFileToFolders Include="..\ThirdParty\x64\Debug\FMOD\fmodL.dll">
      <Filter>Lib\FMOD\Debug</Filter>
    </CopyFileToFolders>
    <CopyFileToFolders Include="..\ThirdParty\x64\Debug\FMOD\fmodL_vc.lib">
      <Filter>Lib\FMOD\Debug</Filter>
    </CopyFileToFolders>
    <CopyFileToFolders Include="..\ThirdParty\x64\Release\FMOD\fmod.dll">
      <Filter>Lib\FMOD\Release</Filter>
    </CopyFileToFolders>
    <CopyFileToFolders Include="..\ThirdParty\x64\Release\FMOD\fmod_vc.lib">
      <Filter>Lib\FMOD\Release</Filter>
    </CopyFileToFolders>
  </ItemGroup>
</Project>