<?xml version="1.0" encoding="utf-8"?>
<Project ToolsVersion="4.0" xmlns="http://schemas.microsoft.com/developer/msbuild/2003">
  <ItemGroup>
    <Filter Include="PreCompile">
      <UniqueIdentifier>{39a946a3-b080-49e2-9c89-2a0e79c801f8}</UniqueIdentifier>
    </Filter>
    <Filter Include="GameEngineCore">
      <UniqueIdentifier>{81e480b5-2f0d-4c4a-8101-b2abfd5e2993}</UniqueIdentifier>
    </Filter>
    <Filter Include="Window">
      <UniqueIdentifier>{7d4e168c-ec51-4313-93ad-5e8fd819e675}</UniqueIdentifier>
    </Filter>
    <Filter Include="RenderingPipeLine">
      <UniqueIdentifier>{cd1bb30f-f738-43f4-a834-b54d7c71f5a8}</UniqueIdentifier>
    </Filter>
    <Filter Include="Resources">
      <UniqueIdentifier>{04f96111-2b9e-4d00-98a2-b3d6a770d6fa}</UniqueIdentifier>
    </Filter>
    <Filter Include="Resources\00Buffer">
      <UniqueIdentifier>{40133fcf-1c23-4a63-b3ff-f5b0e5dcc366}</UniqueIdentifier>
    </Filter>
    <Filter Include="Resources\01Shader">
      <UniqueIdentifier>{0f0af1e3-bbec-41b1-88e6-9c20c7a449cf}</UniqueIdentifier>
    </Filter>
    <Filter Include="Resources\99Manager">
      <UniqueIdentifier>{30607381-fa53-4b96-b9e5-2ee120396404}</UniqueIdentifier>
    </Filter>
    <Filter Include="Resources\01Shader\Vertex">
      <UniqueIdentifier>{1e89728b-9aa3-4ba4-b099-73392ba273a1}</UniqueIdentifier>
    </Filter>
    <Filter Include="Resources\00Buffer\Vertex">
      <UniqueIdentifier>{bda74853-84a8-4f99-a323-01c7aeaf1dd0}</UniqueIdentifier>
    </Filter>
    <Filter Include="Resources\00Buffer\Index">
      <UniqueIdentifier>{f06fa97f-b8c7-4b6a-9ce9-06a20f464f01}</UniqueIdentifier>
    </Filter>
    <Filter Include="Resources\02Texture">
      <UniqueIdentifier>{14e3eb6e-f24c-4458-89e0-75c2e63ab78b}</UniqueIdentifier>
    </Filter>
    <Filter Include="Resources\03Rasterizer">
      <UniqueIdentifier>{c03f1ec4-87d6-45c3-9fdb-d1e9d69f93a3}</UniqueIdentifier>
    </Filter>
    <Filter Include="SubClassInclude">
      <UniqueIdentifier>{e08a5cde-f21d-4c47-95e8-e35d066583c6}</UniqueIdentifier>
    </Filter>
    <Filter Include="RenderingPipeLine\Device">
      <UniqueIdentifier>{59d1c9b9-d29f-42af-b2eb-a12dde2f1702}</UniqueIdentifier>
    </Filter>
    <Filter Include="Resources\00Buffer\Mesh">
      <UniqueIdentifier>{f9e62826-260f-433b-bcd2-c7dc72842246}</UniqueIdentifier>
    </Filter>
    <Filter Include="Resources\99Manager\Rasterizer">
      <UniqueIdentifier>{21c3038c-101a-4ab7-8428-96c2b367ef00}</UniqueIdentifier>
    </Filter>
    <Filter Include="Resources\99Manager\RenderingPipeLine">
      <UniqueIdentifier>{08c4ba41-cc3d-4b88-914c-4ca60650b7ab}</UniqueIdentifier>
    </Filter>
    <Filter Include="Resources\99Manager\Texture">
      <UniqueIdentifier>{d29db066-c7fc-4249-982d-f4f7ab39c2db}</UniqueIdentifier>
    </Filter>
    <Filter Include="Resources\99Manager\Buffer">
      <UniqueIdentifier>{38a023ff-e1bb-492f-89b5-22dda342089b}</UniqueIdentifier>
    </Filter>
    <Filter Include="Resources\99Manager\Shader">
      <UniqueIdentifier>{230f7bf7-e0b1-49b7-b9d0-3076b35254d3}</UniqueIdentifier>
    </Filter>
    <Filter Include="Resources\99Manager\Shader\Vertex">
      <UniqueIdentifier>{25ec6be5-566e-458d-9941-ebaf57c027e7}</UniqueIdentifier>
    </Filter>
    <Filter Include="Resources\99Manager\Shader\Pixel">
      <UniqueIdentifier>{616ea734-cde4-42b4-b99a-e2b2063785f3}</UniqueIdentifier>
    </Filter>
    <Filter Include="Resources\99Manager\Buffer\Vertex">
      <UniqueIdentifier>{c1b05b5c-9bb6-4375-86ea-213309946fe8}</UniqueIdentifier>
    </Filter>
    <Filter Include="Resources\99Manager\Buffer\Index">
      <UniqueIdentifier>{27af056f-1713-4b52-ab2a-e6671c2437ec}</UniqueIdentifier>
    </Filter>
    <Filter Include="Resources\01Shader\HLSL%28ShaderCode%29">
      <UniqueIdentifier>{7a8a9242-45ce-44fd-9fdf-8a7331da2624}</UniqueIdentifier>
    </Filter>
    <Filter Include="Resources\01Shader\Pixel">
      <UniqueIdentifier>{4930eed0-0c31-4fc6-9638-9cdb83d3017d}</UniqueIdentifier>
    </Filter>
    <Filter Include="Resources\01Shader\ShaderResources">
      <UniqueIdentifier>{32528331-e2b1-471e-a368-42f7888670d0}</UniqueIdentifier>
    </Filter>
    <Filter Include="Resources\99Manager\Shader\ShaderResources">
      <UniqueIdentifier>{f8974065-caf1-463f-bde1-00bd8507e570}</UniqueIdentifier>
    </Filter>
    <Filter Include="RenderingPipeLine\RenderingPipeLine">
      <UniqueIdentifier>{c369898a-7eaf-4562-9b81-e9e579ad09a1}</UniqueIdentifier>
    </Filter>
    <Filter Include="RenderingPipeLine\RenderingPipeLine\RenderingPipeLineSettingCheck">
      <UniqueIdentifier>{d13eed9d-1f74-4193-9c90-2b2b67f40298}</UniqueIdentifier>
    </Filter>
  </ItemGroup>
  <ItemGroup>
    <ClCompile Include="PreCompile.cpp">
      <Filter>PreCompile</Filter>
    </ClCompile>
    <ClCompile Include="GameEngineCore.cpp">
      <Filter>GameEngineCore</Filter>
    </ClCompile>
    <ClCompile Include="GameEngineWindow.cpp">
      <Filter>Window</Filter>
    </ClCompile>
    <ClCompile Include="GameEngineVertexShader.cpp">
      <Filter>Resources\01Shader\Vertex</Filter>
    </ClCompile>
    <ClCompile Include="GameEngineIndexBuffer.cpp">
      <Filter>Resources\00Buffer\Index</Filter>
    </ClCompile>
    <ClCompile Include="GameEngineVertexBuffer.cpp">
      <Filter>Resources\00Buffer\Vertex</Filter>
    </ClCompile>
    <ClCompile Include="GameEngineTexture.cpp">
      <Filter>Resources\02Texture</Filter>
    </ClCompile>
    <ClCompile Include="GameEngineRasterizer.cpp">
      <Filter>Resources\03Rasterizer</Filter>
    </ClCompile>
    <ClCompile Include="GameEngineDevice.cpp">
      <Filter>RenderingPipeLine\Device</Filter>
    </ClCompile>
    <ClCompile Include="GameEngineRenderTarget.cpp">
      <Filter>Resources\02Texture</Filter>
    </ClCompile>
    <ClCompile Include="GameEngineMesh.cpp">
      <Filter>Resources\00Buffer\Mesh</Filter>
    </ClCompile>
    <ClCompile Include="GameEngineRasterizerManager.cpp">
      <Filter>Resources\99Manager\Rasterizer</Filter>
    </ClCompile>
    <ClCompile Include="GameEngineRenderingPipeLineManager.cpp">
      <Filter>Resources\99Manager\RenderingPipeLine</Filter>
    </ClCompile>
    <ClCompile Include="GameEngineRenderTargetManager.cpp">
      <Filter>Resources\99Manager\Texture</Filter>
    </ClCompile>
    <ClCompile Include="GameEngineTextureManager.cpp">
      <Filter>Resources\99Manager\Texture</Filter>
    </ClCompile>
    <ClCompile Include="GameEngineVertexShaderManager.cpp">
      <Filter>Resources\99Manager\Shader\Vertex</Filter>
    </ClCompile>
    <ClCompile Include="GameEngineVertexBufferManager.cpp">
      <Filter>Resources\99Manager\Buffer\Vertex</Filter>
    </ClCompile>
    <ClCompile Include="GameEngineIndexBufferManager.cpp">
      <Filter>Resources\99Manager\Buffer\Index</Filter>
    </ClCompile>
    <ClCompile Include="GameEngineShader.cpp">
      <Filter>Resources\01Shader</Filter>
    </ClCompile>
    <ClCompile Include="GameEnginePixelShader.cpp">
      <Filter>Resources\01Shader\Pixel</Filter>
    </ClCompile>
    <ClCompile Include="GameEnginePixelShaderManager.cpp">
      <Filter>Resources\99Manager\Shader\Pixel</Filter>
    </ClCompile>
    <ClCompile Include="GameEngineConstantBuffer.cpp">
      <Filter>Resources\01Shader\ShaderResources</Filter>
    </ClCompile>
    <ClCompile Include="GameEngineConstantBufferManager.cpp">
      <Filter>Resources\99Manager\Shader\ShaderResources</Filter>
    </ClCompile>
    <ClCompile Include="GameEngineRenderingPipeLine.cpp">
      <Filter>RenderingPipeLine\RenderingPipeLine</Filter>
    </ClCompile>
    <ClCompile Include="GameEngineRenderingSettingData.cpp">
      <Filter>RenderingPipeLine\RenderingPipeLine\RenderingPipeLineSettingCheck</Filter>
    </ClCompile>
  </ItemGroup>
  <ItemGroup>
    <ClInclude Include="PreCompile.h">
      <Filter>PreCompile</Filter>
    </ClInclude>
    <ClInclude Include="GameEngineCore.h">
      <Filter>GameEngineCore</Filter>
    </ClInclude>
    <ClInclude Include="GameEngineWindow.h">
      <Filter>Window</Filter>
    </ClInclude>
    <ClInclude Include="GameEngineVertexShader.h">
      <Filter>Resources\01Shader\Vertex</Filter>
    </ClInclude>
    <ClInclude Include="GameEngineIndexBuffer.h">
      <Filter>Resources\00Buffer\Index</Filter>
    </ClInclude>
    <ClInclude Include="GameEngineVertexBuffer.h">
      <Filter>Resources\00Buffer\Vertex</Filter>
    </ClInclude>
    <ClInclude Include="GameEngineTexture.h">
      <Filter>Resources\02Texture</Filter>
    </ClInclude>
    <ClInclude Include="GameEngineRasterizer.h">
      <Filter>Resources\03Rasterizer</Filter>
    </ClInclude>
    <ClInclude Include="GameEngineManager.h">
      <Filter>SubClassInclude</Filter>
    </ClInclude>
    <ClInclude Include="GameEngineDevice.h">
      <Filter>RenderingPipeLine\Device</Filter>
    </ClInclude>
    <ClInclude Include="GameEngineRenderTarget.h">
      <Filter>Resources\02Texture</Filter>
    </ClInclude>
    <ClInclude Include="GameEngineMesh.h">
      <Filter>Resources\00Buffer\Mesh</Filter>
    </ClInclude>
    <ClInclude Include="GameEngineRasterizerManager.h">
      <Filter>Resources\99Manager\Rasterizer</Filter>
    </ClInclude>
    <ClInclude Include="GameEngineRenderingPipeLineManager.h">
      <Filter>Resources\99Manager\RenderingPipeLine</Filter>
    </ClInclude>
    <ClInclude Include="GameEngineRenderTargetManager.h">
      <Filter>Resources\99Manager\Texture</Filter>
    </ClInclude>
    <ClInclude Include="GameEngineTextureManager.h">
      <Filter>Resources\99Manager\Texture</Filter>
    </ClInclude>
    <ClInclude Include="GameEngineVertexShaderManager.h">
      <Filter>Resources\99Manager\Shader\Vertex</Filter>
    </ClInclude>
    <ClInclude Include="GameEngineVertexBufferManager.h">
      <Filter>Resources\99Manager\Buffer\Vertex</Filter>
    </ClInclude>
    <ClInclude Include="GameEngineIndexBufferManager.h">
      <Filter>Resources\99Manager\Buffer\Index</Filter>
    </ClInclude>
    <ClInclude Include="GameEngineShader.h">
      <Filter>Resources\01Shader</Filter>
    </ClInclude>
    <ClInclude Include="GameEnginePixelShader.h">
      <Filter>Resources\01Shader\Pixel</Filter>
    </ClInclude>
    <ClInclude Include="GameEnginePixelShaderManager.h">
      <Filter>Resources\99Manager\Shader\Pixel</Filter>
    </ClInclude>
    <ClInclude Include="GameEngineConstantBuffer.h">
      <Filter>Resources\01Shader\ShaderResources</Filter>
    </ClInclude>
    <ClInclude Include="GameEngineConstantBufferManager.h">
      <Filter>Resources\99Manager\Shader\ShaderResources</Filter>
    </ClInclude>
    <ClInclude Include="GameEngineRenderingPipeLine.h">
      <Filter>RenderingPipeLine\RenderingPipeLine</Filter>
    </ClInclude>
    <ClInclude Include="GameEngineRenderingSettingData.h">
      <Filter>RenderingPipeLine\RenderingPipeLine\RenderingPipeLineSettingCheck</Filter>
    </ClInclude>
  </ItemGroup>
  <ItemGroup>
    <FxCompile Include="VertexShader.hlsl">
      <Filter>Resources\01Shader\HLSL%28ShaderCode%29</Filter>
    </FxCompile>
  </ItemGroup>
</Project>